PODS:
  - Alamofire (5.2.2)
  - NVActivityIndicatorView (5.0.1):
    - NVActivityIndicatorView/Base (= 5.0.1)
  - NVActivityIndicatorView/Base (5.0.1)
  - ObjectMapper (4.2.0)
  - ReachabilitySwift (5.0.0)

DEPENDENCIES:
  - Alamofire
  - NVActivityIndicatorView
  - ObjectMapper
  - ReachabilitySwift

SPEC REPOS:
  trunk:
    - Alamofire
    - NVActivityIndicatorView
    - ObjectMapper
    - ReachabilitySwift

SPEC CHECKSUMS:
  Alamofire: 814429acc853c6c54ff123fc3d2ef66803823ce0
  NVActivityIndicatorView: 738e843cb8924e9e4fc3e559d0728031624bf860
  ObjectMapper: 1eb41f610210777375fa806bf161dc39fb832b81
  ReachabilitySwift: 985039c6f7b23a1da463388634119492ff86c825

PODFILE CHECKSUM: 2a7aad0c94c699a9121c211da913ccf3e3e894ff

COCOAPODS: 1.9.1
